{
  "name": "Data-Structures-and-Algorithms",
  "lockfileVersion": 2,
  "requires": true,
  "packages": {
    "": {
      "dependencies": {
        "js-data-structures-and-algorithms": "^1.12.1"
      }
    },
    "node_modules/js-data-structures-and-algorithms": {
      "version": "1.12.1",
      "resolved": "https://registry.npmjs.org/js-data-structures-and-algorithms/-/js-data-structures-and-algorithms-1.12.1.tgz",
      "integrity": "sha512-tJXIaQxCdHhZ7iaUjHtEwD/d7Uf4RQ3jDHjf399R0JoFKQOq/Kg1OrkZdM3/1EyJDMaXDakWDPaasv1q5WATbQ=="
    }
  },
  "dependencies": {
    "js-data-structures-and-algorithms": {
      "version": "1.12.1",
      "resolved": "https://registry.npmjs.org/js-data-structures-and-algorithms/-/js-data-structures-and-algorithms-1.12.1.tgz",
      "integrity": "sha512-tJXIaQxCdHhZ7iaUjHtEwD/d7Uf4RQ3jDHjf399R0JoFKQOq/Kg1OrkZdM3/1EyJDMaXDakWDPaasv1q5WATbQ=="
    }
  }
}
